<?xml version="1.0" encoding="utf-8"?>
<Project ToolsVersion="4.0" xmlns="http://schemas.microsoft.com/developer/msbuild/2003">
  <ItemGroup>
    <Filter Include="源文件">
      <UniqueIdentifier>{4FC737F1-C7A5-4376-A066-2A32D752A2FF}</UniqueIdentifier>
      <Extensions>cpp;c;cc;cxx;c++;cppm;ixx;def;odl;idl;hpj;bat;asm;asmx</Extensions>
    </Filter>
    <Filter Include="头文件">
      <UniqueIdentifier>{93995380-89BD-4b04-88EB-625FBE52EBFB}</UniqueIdentifier>
      <Extensions>h;hh;hpp;hxx;h++;hm;inl;inc;ipp;xsd</Extensions>
    </Filter>
    <Filter Include="资源文件">
      <UniqueIdentifier>{67DA6AB6-F800-4c08-8B7A-83BB121AAD01}</UniqueIdentifier>
      <Extensions>rc;ico;cur;bmp;dlg;rc2;rct;bin;rgs;gif;jpg;jpeg;jpe;resx;tiff;tif;png;wav;mfcribbon-ms</Extensions>
    </Filter>
  </ItemGroup>
  <ItemGroup>
    <ClInclude Include="camera.h">
      <Filter>头文件</Filter>
    </ClInclude>
    <ClInclude Include="shader.h">
      <Filter>头文件</Filter>
    </ClInclude>
    <ClInclude Include="config.h">
      <Filter>头文件</Filter>
    </ClInclude>
    <ClInclude Include="types.h">
      <Filter>头文件</Filter>
    </ClInclude>
    <ClInclude Include="geometry_data.h">
      <Filter>头文件</Filter>
    </ClInclude>
    <ClInclude Include="texture_loader.h">
      <Filter>头文件</Filter>
    </ClInclude>
    <ClInclude Include="model_loader.h">
      <Filter>头文件</Filter>
    </ClInclude>
    <ClInclude Include="mesh.h">
      <Filter>头文件</Filter>
    </ClInclude>
    <ClInclude Include="terrain.h">
      <Filter>头文件</Filter>
    </ClInclude>
    <ClInclude Include="weather.h">
      <Filter>头文件</Filter>
    </ClInclude>
    <ClInclude Include="input.h">
      <Filter>头文件</Filter>
    </ClInclude>
    <ClInclude Include="stb_image.h">
      <Filter>头文件</Filter>
    </ClInclude>
    <ClInclude Include="lamp_light.h">
      <Filter>头文件</Filter>
    </ClInclude>
    <ClInclude Include="ray_picking.h">
      <Filter>头文件</Filter>
    </ClInclude>
    <ClInclude Include="interactive_object.h">
      <Filter>头文件</Filter>
    </ClInclude>
    <ClInclude Include="puzzle_game.h">
      <Filter>头文件</Filter>
    </ClInclude>
    <ClInclude Include="spirit_orb.h">
      <Filter>头文件</Filter>
    </ClInclude>
  </ItemGroup>
  <ItemGroup>
    <None Include="lightcube.fs">
      <Filter>源文件</Filter>
    </None>
    <None Include="lightcube.vs">
      <Filter>源文件</Filter>
    </None>
    <None Include="lighting.fs">
      <Filter>源文件</Filter>
    </None>
    <None Include="lighting.vs">
      <Filter>源文件</Filter>
    </None>
    <None Include="terrain.fs">
      <Filter>源文件</Filter>
    </None>
    <None Include="terrain.vs">
      <Filter>源文件</Filter>
    </None>
    <None Include="cyl.fs">
      <Filter>源文件</Filter>
    </None>
    <None Include="cyl.vs">
      <Filter>源文件</Filter>
    </None>
    <None Include="orb.fs">
      <Filter>源文件</Filter>
    </None>
    <None Include="orb.vs">
      <Filter>源文件</Filter>
    </None>
    <None Include="particle.fs">
      <Filter>源文件</Filter>
    </None>
    <None Include="particle.vs">
      <Filter>源文件</Filter>
    </None>
  </ItemGroup>
  <ItemGroup>
    <ClCompile Include="main.cpp">
      <Filter>源文件</Filter>
    </ClCompile>
    <ClCompile Include="texture_loader.cpp">
      <Filter>源文件</Filter>
    </ClCompile>
    <ClCompile Include="model_loader.cpp">
      <Filter>源文件</Filter>
    </ClCompile>
    <ClCompile Include="mesh.cpp">
      <Filter>源文件</Filter>
    </ClCompile>
    <ClCompile Include="terrain.cpp">
      <Filter>源文件</Filter>
    </ClCompile>
    <ClCompile Include="weather.cpp">
      <Filter>源文件</Filter>
    </ClCompile>
    <ClCompile Include="input.cpp">
      <Filter>源文件</Filter>
    </ClCompile>
    <ClCompile Include="lamp_light.cpp">
      <Filter>源文件</Filter>
    </ClCompile>
    <ClCompile Include="ray_picking.cpp">
      <Filter>源文件</Filter>
    </ClCompile>
    <ClCompile Include="interactive_object.cpp">
      <Filter>源文件</Filter>
    </ClCompile>
    <ClCompile Include="puzzle_game.cpp">
      <Filter>源文件</Filter>
    </ClCompile>
    <ClCompile Include="spirit_orb.cpp">
      <Filter>源文件</Filter>
    </ClCompile>
  </ItemGroup>
</Project>
